// !$*UTF8*$!
{
	archiveVersion = 1;
	classes = {
	};
	objectVersion = 55;
	objects = {

/* Begin PBXBuildFile section */
		3428B8A2278BEA7D0012E0A5 /* BookwormApp.swift in Sources */ = {isa = PBXBuildFile; fileRef = 3428B892278BEA7B0012E0A5 /* BookwormApp.swift */; };
		3428B8A3278BEA7D0012E0A5 /* BookwormApp.swift in Sources */ = {isa = PBXBuildFile; fileRef = 3428B892278BEA7B0012E0A5 /* BookwormApp.swift */; };
		3428B8A4278BEA7D0012E0A5 /* ContentView.swift in Sources */ = {isa = PBXBuildFile; fileRef = 3428B893278BEA7B0012E0A5 /* ContentView.swift */; };
		3428B8A5278BEA7D0012E0A5 /* ContentView.swift in Sources */ = {isa = PBXBuildFile; fileRef = 3428B893278BEA7B0012E0A5 /* ContentView.swift */; };
		3428B8A6278BEA7D0012E0A5 /* Assets.xcassets in Resources */ = {isa = PBXBuildFile; fileRef = 3428B894278BEA7D0012E0A5 /* Assets.xcassets */; };
		3428B8A7278BEA7D0012E0A5 /* Assets.xcassets in Resources */ = {isa = PBXBuildFile; fileRef = 3428B894278BEA7D0012E0A5 /* Assets.xcassets */; };
		3428B8B2278BF74E0012E0A5 /* Bookworm.xcdatamodeld in Sources */ = {isa = PBXBuildFile; fileRef = 3428B8B0278BF74E0012E0A5 /* Bookworm.xcdatamodeld */; };
		3428B8B3278BF74E0012E0A5 /* Bookworm.xcdatamodeld in Sources */ = {isa = PBXBuildFile; fileRef = 3428B8B0278BF74E0012E0A5 /* Bookworm.xcdatamodeld */; };
		3428B8B5278BF7A30012E0A5 /* DataController.swift in Sources */ = {isa = PBXBuildFile; fileRef = 3428B8B4278BF7A30012E0A5 /* DataController.swift */; };
		3428B8B6278BF7A30012E0A5 /* DataController.swift in Sources */ = {isa = PBXBuildFile; fileRef = 3428B8B4278BF7A30012E0A5 /* DataController.swift */; };
		344EDC6327958DAF001BDB03 /* AddBookView.swift in Sources */ = {isa = PBXBuildFile; fileRef = 344EDC6227958DAF001BDB03 /* AddBookView.swift */; };
		344EDC6427958DAF001BDB03 /* AddBookView.swift in Sources */ = {isa = PBXBuildFile; fileRef = 344EDC6227958DAF001BDB03 /* AddBookView.swift */; };
		344EDC6627959244001BDB03 /* RatingView.swift in Sources */ = {isa = PBXBuildFile; fileRef = 344EDC6527959244001BDB03 /* RatingView.swift */; };
		344EDC6727959244001BDB03 /* RatingView.swift in Sources */ = {isa = PBXBuildFile; fileRef = 344EDC6527959244001BDB03 /* RatingView.swift */; };
		344EDC692795942A001BDB03 /* EmojiRatingView.swift in Sources */ = {isa = PBXBuildFile; fileRef = 344EDC682795942A001BDB03 /* EmojiRatingView.swift */; };
		344EDC6A2795942A001BDB03 /* EmojiRatingView.swift in Sources */ = {isa = PBXBuildFile; fileRef = 344EDC682795942A001BDB03 /* EmojiRatingView.swift */; };
/* End PBXBuildFile section */

/* Begin PBXFileReference section */
		3428B892278BEA7B0012E0A5 /* BookwormApp.swift */ = {isa = PBXFileReference; lastKnownFileType = sourcecode.swift; path = BookwormApp.swift; sourceTree = "<group>"; };
		3428B893278BEA7B0012E0A5 /* ContentView.swift */ = {isa = PBXFileReference; lastKnownFileType = sourcecode.swift; path = ContentView.swift; sourceTree = "<group>"; };
		3428B894278BEA7D0012E0A5 /* Assets.xcassets */ = {isa = PBXFileReference; lastKnownFileType = folder.assetcatalog; path = Assets.xcassets; sourceTree = "<group>"; };
		3428B899278BEA7D0012E0A5 /* Bookworm.app */ = {isa = PBXFileReference; explicitFileType = wrapper.application; includeInIndex = 0; path = Bookworm.app; sourceTree = BUILT_PRODUCTS_DIR; };
		3428B89F278BEA7D0012E0A5 /* Bookworm.app */ = {isa = PBXFileReference; explicitFileType = wrapper.application; includeInIndex = 0; path = Bookworm.app; sourceTree = BUILT_PRODUCTS_DIR; };
		3428B8A1278BEA7D0012E0A5 /* macOS.entitlements */ = {isa = PBXFileReference; lastKnownFileType = text.plist.entitlements; path = macOS.entitlements; sourceTree = "<group>"; };
		3428B8B1278BF74E0012E0A5 /* Bookworm.xcdatamodel */ = {isa = PBXFileReference; lastKnownFileType = wrapper.xcdatamodel; path = Bookworm.xcdatamodel; sourceTree = "<group>"; };
		3428B8B4278BF7A30012E0A5 /* DataController.swift */ = {isa = PBXFileReference; lastKnownFileType = sourcecode.swift; path = DataController.swift; sourceTree = "<group>"; };
		344EDC6227958DAF001BDB03 /* AddBookView.swift */ = {isa = PBXFileReference; lastKnownFileType = sourcecode.swift; path = AddBookView.swift; sourceTree = "<group>"; };
		344EDC6527959244001BDB03 /* RatingView.swift */ = {isa = PBXFileReference; lastKnownFileType = sourcecode.swift; path = RatingView.swift; sourceTree = "<group>"; };
		344EDC682795942A001BDB03 /* EmojiRatingView.swift */ = {isa = PBXFileReference; lastKnownFileType = sourcecode.swift; path = EmojiRatingView.swift; sourceTree = "<group>"; };
/* End PBXFileReference section */

/* Begin PBXFrameworksBuildPhase section */
		3428B896278BEA7D0012E0A5 /* Frameworks */ = {
			isa = PBXFrameworksBuildPhase;
			buildActionMask = 2147483647;
			files = (
			);
			runOnlyForDeploymentPostprocessing = 0;
		};
		3428B89C278BEA7D0012E0A5 /* Frameworks */ = {
			isa = PBXFrameworksBuildPhase;
			buildActionMask = 2147483647;
			files = (
			);
			runOnlyForDeploymentPostprocessing = 0;
		};
/* End PBXFrameworksBuildPhase section */

/* Begin PBXGroup section */
		3428B88C278BEA7B0012E0A5 = {
			isa = PBXGroup;
			children = (
				3428B891278BEA7B0012E0A5 /* Shared */,
				3428B8A0278BEA7D0012E0A5 /* macOS */,
				3428B89A278BEA7D0012E0A5 /* Products */,
			);
			sourceTree = "<group>";
		};
		3428B891278BEA7B0012E0A5 /* Shared */ = {
			isa = PBXGroup;
			children = (
				3428B892278BEA7B0012E0A5 /* BookwormApp.swift */,
				3428B893278BEA7B0012E0A5 /* ContentView.swift */,
				3428B8B4278BF7A30012E0A5 /* DataController.swift */,
				344EDC6227958DAF001BDB03 /* AddBookView.swift */,
				344EDC682795942A001BDB03 /* EmojiRatingView.swift */,
				344EDC6527959244001BDB03 /* RatingView.swift */,
				3428B8B0278BF74E0012E0A5 /* Bookworm.xcdatamodeld */,
				3428B894278BEA7D0012E0A5 /* Assets.xcassets */,
			);
			path = Shared;
			sourceTree = "<group>";
		};
		3428B89A278BEA7D0012E0A5 /* Products */ = {
			isa = PBXGroup;
			children = (
				3428B899278BEA7D0012E0A5 /* Bookworm.app */,
				3428B89F278BEA7D0012E0A5 /* Bookworm.app */,
			);
			name = Products;
			sourceTree = "<group>";
		};
		3428B8A0278BEA7D0012E0A5 /* macOS */ = {
			isa = PBXGroup;
			children = (
				3428B8A1278BEA7D0012E0A5 /* macOS.entitlements */,
			);
			path = macOS;
			sourceTree = "<group>";
		};
/* End PBXGroup section */

/* Begin PBXNativeTarget section */
		3428B898278BEA7D0012E0A5 /* Bookworm (iOS) */ = {
			isa = PBXNativeTarget;
			buildConfigurationList = 3428B8AA278BEA7D0012E0A5 /* Build configuration list for PBXNativeTarget "Bookworm (iOS)" */;
			buildPhases = (
				3428B895278BEA7D0012E0A5 /* Sources */,
				3428B896278BEA7D0012E0A5 /* Frameworks */,
				3428B897278BEA7D0012E0A5 /* Resources */,
			);
			buildRules = (
			);
			dependencies = (
			);
			name = "Bookworm (iOS)";
			productName = "Bookworm (iOS)";
			productReference = 3428B899278BEA7D0012E0A5 /* Bookworm.app */;
			productType = "com.apple.product-type.application";
		};
		3428B89E278BEA7D0012E0A5 /* Bookworm (macOS) */ = {
			isa = PBXNativeTarget;
			buildConfigurationList = 3428B8AD278BEA7D0012E0A5 /* Build configuration list for PBXNativeTarget "Bookworm (macOS)" */;
			buildPhases = (
				3428B89B278BEA7D0012E0A5 /* Sources */,
				3428B89C278BEA7D0012E0A5 /* Frameworks */,
				3428B89D278BEA7D0012E0A5 /* Resources */,
			);
			buildRules = (
			);
			dependencies = (
			);
			name = "Bookworm (macOS)";
			productName = "Bookworm (macOS)";
			productReference = 3428B89F278BEA7D0012E0A5 /* Bookworm.app */;
			productType = "com.apple.product-type.application";
		};
/* End PBXNativeTarget section */

/* Begin PBXProject section */
		3428B88D278BEA7B0012E0A5 /* Project object */ = {
			isa = PBXProject;
			attributes = {
				BuildIndependentTargetsInParallel = 1;
				LastSwiftUpdateCheck = 1320;
				LastUpgradeCheck = 1320;
				TargetAttributes = {
					3428B898278BEA7D0012E0A5 = {
						CreatedOnToolsVersion = 13.2.1;
					};
					3428B89E278BEA7D0012E0A5 = {
						CreatedOnToolsVersion = 13.2.1;
					};
				};
			};
			buildConfigurationList = 3428B890278BEA7B0012E0A5 /* Build configuration list for PBXProject "Bookworm" */;
			compatibilityVersion = "Xcode 13.0";
			developmentRegion = en;
			hasScannedForEncodings = 0;
			knownRegions = (
				en,
				Base,
			);
			mainGroup = 3428B88C278BEA7B0012E0A5;
			productRefGroup = 3428B89A278BEA7D0012E0A5 /* Products */;
			projectDirPath = "";
			projectRoot = "";
			targets = (
				3428B898278BEA7D0012E0A5 /* Bookworm (iOS) */,
				3428B89E278BEA7D0012E0A5 /* Bookworm (macOS) */,
			);
		};
/* End PBXProject section */

/* Begin PBXResourcesBuildPhase section */
		3428B897278BEA7D0012E0A5 /* Resources */ = {
			isa = PBXResourcesBuildPhase;
			buildActionMask = 2147483647;
			files = (
				3428B8A6278BEA7D0012E0A5 /* Assets.xcassets in Resources */,
			);
			runOnlyForDeploymentPostprocessing = 0;
		};
		3428B89D278BEA7D0012E0A5 /* Resources */ = {
			isa = PBXResourcesBuildPhase;
			buildActionMask = 2147483647;
			files = (
				3428B8A7278BEA7D0012E0A5 /* Assets.xcassets in Resources */,
			);
			runOnlyForDeploymentPostprocessing = 0;
		};
/* End PBXResourcesBuildPhase section */

/* Begin PBXSourcesBuildPhase section */
		3428B895278BEA7D0012E0A5 /* Sources */ = {
			isa = PBXSourcesBuildPhase;
			buildActionMask = 2147483647;
			files = (
				3428B8A4278BEA7D0012E0A5 /* ContentView.swift in Sources */,
				3428B8B5278BF7A30012E0A5 /* DataController.swift in Sources */,
				344EDC692795942A001BDB03 /* EmojiRatingView.swift in Sources */,
				3428B8B2278BF74E0012E0A5 /* Bookworm.xcdatamodeld in Sources */,
				344EDC6627959244001BDB03 /* RatingView.swift in Sources */,
				3428B8A2278BEA7D0012E0A5 /* BookwormApp.swift in Sources */,
				344EDC6327958DAF001BDB03 /* AddBookView.swift in Sources */,
			);
			runOnlyForDeploymentPostprocessing = 0;
		};
		3428B89B278BEA7D0012E0A5 /* Sources */ = {
			isa = PBXSourcesBuildPhase;
			buildActionMask = 2147483647;
			files = (
				3428B8A5278BEA7D0012E0A5 /* ContentView.swift in Sources */,
				3428B8B6278BF7A30012E0A5 /* DataController.swift in Sources */,
				344EDC6A2795942A001BDB03 /* EmojiRatingView.swift in Sources */,
				3428B8B3278BF74E0012E0A5 /* Bookworm.xcdatamodeld in Sources */,
				344EDC6727959244001BDB03 /* RatingView.swift in Sources */,
				3428B8A3278BEA7D0012E0A5 /* BookwormApp.swift in Sources */,
				344EDC6427958DAF001BDB03 /* AddBookView.swift in Sources */,
			);
			runOnlyForDeploymentPostprocessing = 0;
		};
/* End PBXSourcesBuildPhase section */

/* Begin XCBuildConfiguration section */
		3428B8A8278BEA7D0012E0A5 /* Debug */ = {
			isa = XCBuildConfiguration;
			buildSettings = {
				ALWAYS_SEARCH_USER_PATHS = NO;
				CLANG_ANALYZER_NONNULL = YES;
				CLANG_ANALYZER_NUMBER_OBJECT_CONVERSION = YES_AGGRESSIVE;
				CLANG_CXX_LANGUAGE_STANDARD = "gnu++17";
				CLANG_CXX_LIBRARY = "libc++";
				CLANG_ENABLE_MODULES = YES;
				CLANG_ENABLE_OBJC_ARC = YES;
				CLANG_ENABLE_OBJC_WEAK = YES;
				CLANG_WARN_BLOCK_CAPTURE_AUTORELEASING = YES;
				CLANG_WARN_BOOL_CONVERSION = YES;
				CLANG_WARN_COMMA = YES;
				CLANG_WARN_CONSTANT_CONVERSION = YES;
				CLANG_WARN_DEPRECATED_OBJC_IMPLEMENTATIONS = YES;
				CLANG_WARN_DIRECT_OBJC_ISA_USAGE = YES_ERROR;
				CLANG_WARN_DOCUMENTATION_COMMENTS = YES;
				CLANG_WARN_EMPTY_BODY = YES;
				CLANG_WARN_ENUM_CONVERSION = YES;
				CLANG_WARN_INFINITE_RECURSION = YES;
				CLANG_WARN_INT_CONVERSION = YES;
				CLANG_WARN_NON_LITERAL_NULL_CONVERSION = YES;
				CLANG_WARN_OBJC_IMPLICIT_RETAIN_SELF = YES;
				CLANG_WARN_OBJC_LITERAL_CONVERSION = YES;
				CLANG_WARN_OBJC_ROOT_CLASS = YES_ERROR;
				CLANG_WARN_QUOTED_INCLUDE_IN_FRAMEWORK_HEADER = YES;
				CLANG_WARN_RANGE_LOOP_ANALYSIS = YES;
				CLANG_WARN_STRICT_PROTOTYPES = YES;
				CLANG_WARN_SUSPICIOUS_MOVE = YES;
				CLANG_WARN_UNGUARDED_AVAILABILITY = YES_AGGRESSIVE;
				CLANG_WARN_UNREACHABLE_CODE = YES;
				CLANG_WARN__DUPLICATE_METHOD_MATCH = YES;
				COPY_PHASE_STRIP = NO;
				DEBUG_INFORMATION_FORMAT = dwarf;
				ENABLE_STRICT_OBJC_MSGSEND = YES;
				ENABLE_TESTABILITY = YES;
				GCC_C_LANGUAGE_STANDARD = gnu11;
				GCC_DYNAMIC_NO_PIC = NO;
				GCC_NO_COMMON_BLOCKS = YES;
				GCC_OPTIMIZATION_LEVEL = 0;
				GCC_PREPROCESSOR_DEFINITIONS = (
					"DEBUG=1",
					"$(inherited)",
				);
				GCC_WARN_64_TO_32_BIT_CONVERSION = YES;
				GCC_WARN_ABOUT_RETURN_TYPE = YES_ERROR;
				GCC_WARN_UNDECLARED_SELECTOR = YES;
				GCC_WARN_UNINITIALIZED_AUTOS = YES_AGGRESSIVE;
				GCC_WARN_UNUSED_FUNCTION = YES;
				GCC_WARN_UNUSED_VARIABLE = YES;
				MTL_ENABLE_DEBUG_INFO = INCLUDE_SOURCE;
				MTL_FAST_MATH = YES;
				ONLY_ACTIVE_ARCH = YES;
				SWIFT_ACTIVE_COMPILATION_CONDITIONS = DEBUG;
				SWIFT_OPTIMIZATION_LEVEL = "-Onone";
			};
			name = Debug;
		};
		3428B8A9278BEA7D0012E0A5 /* Release */ = {
			isa = XCBuildConfiguration;
			buildSettings = {
				ALWAYS_SEARCH_USER_PATHS = NO;
				CLANG_ANALYZER_NONNULL = YES;
				CLANG_ANALYZER_NUMBER_OBJECT_CONVERSION = YES_AGGRESSIVE;
				CLANG_CXX_LANGUAGE_STANDARD = "gnu++17";
				CLANG_CXX_LIBRARY = "libc++";
				CLANG_ENABLE_MODULES = YES;
				CLANG_ENABLE_OBJC_ARC = YES;
				CLANG_ENABLE_OBJC_WEAK = YES;
				CLANG_WARN_BLOCK_CAPTURE_AUTORELEASING = YES;
				CLANG_WARN_BOOL_CONVERSION = YES;
				CLANG_WARN_COMMA = YES;
				CLANG_WARN_CONSTANT_CONVERSION = YES;
				CLANG_WARN_DEPRECATED_OBJC_IMPLEMENTATIONS = YES;
				CLANG_WARN_DIRECT_OBJC_ISA_USAGE = YES_ERROR;
				CLANG_WARN_DOCUMENTATION_COMMENTS = YES;
				CLANG_WARN_EMPTY_BODY = YES;
				CLANG_WARN_ENUM_CONVERSION = YES;
				CLANG_WARN_INFINITE_RECURSION = YES;
				CLANG_WARN_INT_CONVERSION = YES;
				CLANG_WARN_NON_LITERAL_NULL_CONVERSION = YES;
				CLANG_WARN_OBJC_IMPLICIT_RETAIN_SELF = YES;
				CLANG_WARN_OBJC_LITERAL_CONVERSION = YES;
				CLANG_WARN_OBJC_ROOT_CLASS = YES_ERROR;
				CLANG_WARN_QUOTED_INCLUDE_IN_FRAMEWORK_HEADER = YES;
				CLANG_WARN_RANGE_LOOP_ANALYSIS = YES;
				CLANG_WARN_STRICT_PROTOTYPES = YES;
				CLANG_WARN_SUSPICIOUS_MOVE = YES;
				CLANG_WARN_UNGUARDED_AVAILABILITY = YES_AGGRESSIVE;
				CLANG_WARN_UNREACHABLE_CODE = YES;
				CLANG_WARN__DUPLICATE_METHOD_MATCH = YES;
				COPY_PHASE_STRIP = NO;
				DEBUG_INFORMATION_FORMAT = "dwarf-with-dsym";
				ENABLE_NS_ASSERTIONS = NO;
				ENABLE_STRICT_OBJC_MSGSEND = YES;
				GCC_C_LANGUAGE_STANDARD = gnu11;
				GCC_NO_COMMON_BLOCKS = YES;
				GCC_WARN_64_TO_32_BIT_CONVERSION = YES;
				GCC_WARN_ABOUT_RETURN_TYPE = YES_ERROR;
				GCC_WARN_UNDECLARED_SELECTOR = YES;
				GCC_WARN_UNINITIALIZED_AUTOS = YES_AGGRESSIVE;
				GCC_WARN_UNUSED_FUNCTION = YES;
				GCC_WARN_UNUSED_VARIABLE = YES;
				MTL_ENABLE_DEBUG_INFO = NO;
				MTL_FAST_MATH = YES;
				SWIFT_COMPILATION_MODE = wholemodule;
				SWIFT_OPTIMIZATION_LEVEL = "-O";
			};
			name = Release;
		};
		3428B8AB278BEA7D0012E0A5 /* Debug */ = {
			isa = XCBuildConfiguration;
			buildSettings = {
				ASSETCATALOG_COMPILER_APPICON_NAME = AppIcon;
				ASSETCATALOG_COMPILER_GLOBAL_ACCENT_COLOR_NAME = AccentColor;
				CODE_SIGN_STYLE = Automatic;
				CURRENT_PROJECT_VERSION = 1;
				DEVELOPMENT_TEAM = YBVLTH5SD7;
				ENABLE_PREVIEWS = YES;
				GENERATE_INFOPLIST_FILE = YES;
				INFOPLIST_KEY_UIApplicationSceneManifest_Generation = YES;
				INFOPLIST_KEY_UIApplicationSupportsIndirectInputEvents = YES;
				INFOPLIST_KEY_UILaunchScreen_Generation = YES;
				INFOPLIST_KEY_UISupportedInterfaceOrientations_iPad = "UIInterfaceOrientationPortrait UIInterfaceOrientationPortraitUpsideDown UIInterfaceOrientationLandscapeLeft UIInterfaceOrientationLandscapeRight";
				INFOPLIST_KEY_UISupportedInterfaceOrientations_iPhone = "UIInterfaceOrientationPortrait UIInterfaceOrientationLandscapeLeft UIInterfaceOrientationLandscapeRight";
				IPHONEOS_DEPLOYMENT_TARGET = 15.2;
				LD_RUNPATH_SEARCH_PATHS = (
					"$(inherited)",
					"@executable_path/Frameworks",
				);
				MARKETING_VERSION = 1.0;
				PRODUCT_BUNDLE_IDENTIFIER = com.flamingarch.study.Bookworm;
				PRODUCT_NAME = Bookworm;
				SDKROOT = iphoneos;
				SWIFT_EMIT_LOC_STRINGS = YES;
				SWIFT_VERSION = 5.0;
				TARGETED_DEVICE_FAMILY = "1,2";
			};
			name = Debug;
		};
		3428B8AC278BEA7D0012E0A5 /* Release */ = {
			isa = XCBuildConfiguration;
			buildSettings = {
				ASSETCATALOG_COMPILER_APPICON_NAME = AppIcon;
				ASSETCATALOG_COMPILER_GLOBAL_ACCENT_COLOR_NAME = AccentColor;
				CODE_SIGN_STYLE = Automatic;
				CURRENT_PROJECT_VERSION = 1;
				DEVELOPMENT_TEAM = YBVLTH5SD7;
				ENABLE_PREVIEWS = YES;
				GENERATE_INFOPLIST_FILE = YES;
				INFOPLIST_KEY_UIApplicationSceneManifest_Generation = YES;
				INFOPLIST_KEY_UIApplicationSupportsIndirectInputEvents = YES;
				INFOPLIST_KEY_UILaunchScreen_Generation = YES;
				INFOPLIST_KEY_UISupportedInterfaceOrientations_iPad = "UIInterfaceOrientationPortrait UIInterfaceOrientationPortraitUpsideDown UIInterfaceOrientationLandscapeLeft UIInterfaceOrientationLandscapeRight";
				INFOPLIST_KEY_UISupportedInterfaceOrientations_iPhone = "UIInterfaceOrientationPortrait UIInterfaceOrientationLandscapeLeft UIInterfaceOrientationLandscapeRight";
				IPHONEOS_DEPLOYMENT_TARGET = 15.2;
				LD_RUNPATH_SEARCH_PATHS = (
					"$(inherited)",
					"@executable_path/Frameworks",
				);
				MARKETING_VERSION = 1.0;
				PRODUCT_BUNDLE_IDENTIFIER = com.flamingarch.study.Bookworm;
				PRODUCT_NAME = Bookworm;
				SDKROOT = iphoneos;
				SWIFT_EMIT_LOC_STRINGS = YES;
				SWIFT_VERSION = 5.0;
				TARGETED_DEVICE_FAMILY = "1,2";
				VALIDATE_PRODUCT = YES;
			};
			name = Release;
		};
		3428B8AE278BEA7D0012E0A5 /* Debug */ = {
			isa = XCBuildConfiguration;
			buildSettings = {
				ASSETCATALOG_COMPILER_APPICON_NAME = AppIcon;
				ASSETCATALOG_COMPILER_GLOBAL_ACCENT_COLOR_NAME = AccentColor;
				CODE_SIGN_ENTITLEMENTS = macOS/macOS.entitlements;
				CODE_SIGN_STYLE = Automatic;
				COMBINE_HIDPI_IMAGES = YES;
				CURRENT_PROJECT_VERSION = 1;
				DEVELOPMENT_TEAM = YBVLTH5SD7;
				ENABLE_HARDENED_RUNTIME = YES;
				ENABLE_PREVIEWS = YES;
				GENERATE_INFOPLIST_FILE = YES;
				INFOPLIST_KEY_NSHumanReadableCopyright = "";
				LD_RUNPATH_SEARCH_PATHS = (
					"$(inherited)",
					"@executable_path/../Frameworks",
				);
				MACOSX_DEPLOYMENT_TARGET = 12.1;
				MARKETING_VERSION = 1.0;
				PRODUCT_BUNDLE_IDENTIFIER = com.flamingarch.study.Bookworm;
				PRODUCT_NAME = Bookworm;
				SDKROOT = macosx;
				SWIFT_EMIT_LOC_STRINGS = YES;
				SWIFT_VERSION = 5.0;
			};
			name = Debug;
		};
		3428B8AF278BEA7D0012E0A5 /* Release */ = {
			isa = XCBuildConfiguration;
			buildSettings = {
				ASSETCATALOG_COMPILER_APPICON_NAME = AppIcon;
				ASSETCATALOG_COMPILER_GLOBAL_ACCENT_COLOR_NAME = AccentColor;
				CODE_SIGN_ENTITLEMENTS = macOS/macOS.entitlements;
				CODE_SIGN_STYLE = Automatic;
				COMBINE_HIDPI_IMAGES = YES;
				CURRENT_PROJECT_VERSION = 1;
				DEVELOPMENT_TEAM = YBVLTH5SD7;
				ENABLE_HARDENED_RUNTIME = YES;
				ENABLE_PREVIEWS = YES;
				GENERATE_INFOPLIST_FILE = YES;
				INFOPLIST_KEY_NSHumanReadableCopyright = "";
				LD_RUNPATH_SEARCH_PATHS = (
					"$(inherited)",
					"@executable_path/../Frameworks",
				);
				MACOSX_DEPLOYMENT_TARGET = 12.1;
				MARKETING_VERSION = 1.0;
				PRODUCT_BUNDLE_IDENTIFIER = com.flamingarch.study.Bookworm;
				PRODUCT_NAME = Bookworm;
				SDKROOT = macosx;
				SWIFT_EMIT_LOC_STRINGS = YES;
				SWIFT_VERSION = 5.0;
			};
			name = Release;
		};
/* End XCBuildConfiguration section */

/* Begin XCConfigurationList section */
		3428B890278BEA7B0012E0A5 /* Build configuration list for PBXProject "Bookworm" */ = {
			isa = XCConfigurationList;
			buildConfigurations = (
				3428B8A8278BEA7D0012E0A5 /* Debug */,
				3428B8A9278BEA7D0012E0A5 /* Release */,
			);
			defaultConfigurationIsVisible = 0;
			defaultConfigurationName = Release;
		};
		3428B8AA278BEA7D0012E0A5 /* Build configuration list for PBXNativeTarget "Bookworm (iOS)" */ = {
			isa = XCConfigurationList;
			buildConfigurations = (
				3428B8AB278BEA7D0012E0A5 /* Debug */,
				3428B8AC278BEA7D0012E0A5 /* Release */,
			);
			defaultConfigurationIsVisible = 0;
			defaultConfigurationName = Release;
		};
		3428B8AD278BEA7D0012E0A5 /* Build configuration list for PBXNativeTarget "Bookworm (macOS)" */ = {
			isa = XCConfigurationList;
			buildConfigurations = (
				3428B8AE278BEA7D0012E0A5 /* Debug */,
				3428B8AF278BEA7D0012E0A5 /* Release */,
			);
			defaultConfigurationIsVisible = 0;
			defaultConfigurationName = Release;
		};
/* End XCConfigurationList section */

/* Begin XCVersionGroup section */
		3428B8B0278BF74E0012E0A5 /* Bookworm.xcdatamodeld */ = {
			isa = XCVersionGroup;
			children = (
				3428B8B1278BF74E0012E0A5 /* Bookworm.xcdatamodel */,
			);
			currentVersion = 3428B8B1278BF74E0012E0A5 /* Bookworm.xcdatamodel */;
			path = Bookworm.xcdatamodeld;
			sourceTree = "<group>";
			versionGroupType = wrapper.xcdatamodel;
		};
/* End XCVersionGroup section */
	};
	rootObject = 3428B88D278BEA7B0012E0A5 /* Project object */;
}
