// !$*UTF8*$!
{
	archiveVersion = 1;
	classes = {
	};
	objectVersion = 50;
	objects = {

/* Begin PBXBuildFile section */
		3442B99C267BC9DD00009D19 /* astronauts.json in Resources */ = {isa = PBXBuildFile; fileRef = 3442B941267BC9DD00009D19 /* astronauts.json */; };
		3442B99D267BC9DD00009D19 /* astronauts.json in Resources */ = {isa = PBXBuildFile; fileRef = 3442B941267BC9DD00009D19 /* astronauts.json */; };
		3442BA4E267BC9DD00009D19 /* missions.json in Resources */ = {isa = PBXBuildFile; fileRef = 3442B99B267BC9DD00009D19 /* missions.json */; };
		3442BA4F267BC9DD00009D19 /* missions.json in Resources */ = {isa = PBXBuildFile; fileRef = 3442B99B267BC9DD00009D19 /* missions.json */; };
		3442BA54267BCB1600009D19 /* Bundle-Decodable.swift in Sources */ = {isa = PBXBuildFile; fileRef = 3442BA53267BCB1600009D19 /* Bundle-Decodable.swift */; };
		3442BA55267BCB1600009D19 /* Bundle-Decodable.swift in Sources */ = {isa = PBXBuildFile; fileRef = 3442BA53267BCB1600009D19 /* Bundle-Decodable.swift */; };
		3442BA57267BCB7100009D19 /* Astronaut.swift in Sources */ = {isa = PBXBuildFile; fileRef = 3442BA56267BCB7100009D19 /* Astronaut.swift */; };
		3442BA58267BCB7100009D19 /* Astronaut.swift in Sources */ = {isa = PBXBuildFile; fileRef = 3442BA56267BCB7100009D19 /* Astronaut.swift */; };
		3442BA5A267BCDF200009D19 /* Mission.swift in Sources */ = {isa = PBXBuildFile; fileRef = 3442BA59267BCDF200009D19 /* Mission.swift */; };
		3442BA5B267BCDF200009D19 /* Mission.swift in Sources */ = {isa = PBXBuildFile; fileRef = 3442BA59267BCDF200009D19 /* Mission.swift */; };
		34764B062679E49E0070A40E /* MoonshotApp.swift in Sources */ = {isa = PBXBuildFile; fileRef = 34764AF32679E49D0070A40E /* MoonshotApp.swift */; };
		34764B072679E49E0070A40E /* MoonshotApp.swift in Sources */ = {isa = PBXBuildFile; fileRef = 34764AF32679E49D0070A40E /* MoonshotApp.swift */; };
		34764B082679E49E0070A40E /* ContentView.swift in Sources */ = {isa = PBXBuildFile; fileRef = 34764AF42679E49D0070A40E /* ContentView.swift */; };
		34764B092679E49E0070A40E /* ContentView.swift in Sources */ = {isa = PBXBuildFile; fileRef = 34764AF42679E49D0070A40E /* ContentView.swift */; };
		34764B0A2679E49E0070A40E /* Assets.xcassets in Resources */ = {isa = PBXBuildFile; fileRef = 34764AF52679E49E0070A40E /* Assets.xcassets */; };
		34764B0B2679E49E0070A40E /* Assets.xcassets in Resources */ = {isa = PBXBuildFile; fileRef = 34764AF52679E49E0070A40E /* Assets.xcassets */; };
/* End PBXBuildFile section */

/* Begin PBXFileReference section */
		3442B941267BC9DD00009D19 /* astronauts.json */ = {isa = PBXFileReference; fileEncoding = 4; lastKnownFileType = text.json; name = astronauts.json; path = "../../../Files/HackingWithSwift-main/SwiftUI/project8-files/astronauts.json"; sourceTree = "<group>"; };
		3442B99B267BC9DD00009D19 /* missions.json */ = {isa = PBXFileReference; fileEncoding = 4; lastKnownFileType = text.json; name = missions.json; path = "../../../Files/HackingWithSwift-main/SwiftUI/project8-files/missions.json"; sourceTree = "<group>"; };
		3442BA53267BCB1600009D19 /* Bundle-Decodable.swift */ = {isa = PBXFileReference; lastKnownFileType = sourcecode.swift; path = "Bundle-Decodable.swift"; sourceTree = "<group>"; };
		3442BA56267BCB7100009D19 /* Astronaut.swift */ = {isa = PBXFileReference; lastKnownFileType = sourcecode.swift; path = Astronaut.swift; sourceTree = "<group>"; };
		3442BA59267BCDF200009D19 /* Mission.swift */ = {isa = PBXFileReference; lastKnownFileType = sourcecode.swift; path = Mission.swift; sourceTree = "<group>"; };
		34764AF32679E49D0070A40E /* MoonshotApp.swift */ = {isa = PBXFileReference; lastKnownFileType = sourcecode.swift; path = MoonshotApp.swift; sourceTree = "<group>"; };
		34764AF42679E49D0070A40E /* ContentView.swift */ = {isa = PBXFileReference; lastKnownFileType = sourcecode.swift; path = ContentView.swift; sourceTree = "<group>"; };
		34764AF52679E49E0070A40E /* Assets.xcassets */ = {isa = PBXFileReference; lastKnownFileType = folder.assetcatalog; path = Assets.xcassets; sourceTree = "<group>"; };
		34764AFA2679E49E0070A40E /* Moonshot.app */ = {isa = PBXFileReference; explicitFileType = wrapper.application; includeInIndex = 0; path = Moonshot.app; sourceTree = BUILT_PRODUCTS_DIR; };
		34764AFD2679E49E0070A40E /* Info.plist */ = {isa = PBXFileReference; lastKnownFileType = text.plist.xml; path = Info.plist; sourceTree = "<group>"; };
		34764B022679E49E0070A40E /* Moonshot.app */ = {isa = PBXFileReference; explicitFileType = wrapper.application; includeInIndex = 0; path = Moonshot.app; sourceTree = BUILT_PRODUCTS_DIR; };
		34764B042679E49E0070A40E /* Info.plist */ = {isa = PBXFileReference; lastKnownFileType = text.plist.xml; path = Info.plist; sourceTree = "<group>"; };
		34764B052679E49E0070A40E /* macOS.entitlements */ = {isa = PBXFileReference; lastKnownFileType = text.plist.entitlements; path = macOS.entitlements; sourceTree = "<group>"; };
/* End PBXFileReference section */

/* Begin PBXFrameworksBuildPhase section */
		34764AF72679E49E0070A40E /* Frameworks */ = {
			isa = PBXFrameworksBuildPhase;
			buildActionMask = 2147483647;
			files = (
			);
			runOnlyForDeploymentPostprocessing = 0;
		};
		34764AFF2679E49E0070A40E /* Frameworks */ = {
			isa = PBXFrameworksBuildPhase;
			buildActionMask = 2147483647;
			files = (
			);
			runOnlyForDeploymentPostprocessing = 0;
		};
/* End PBXFrameworksBuildPhase section */

/* Begin PBXGroup section */
		34764AED2679E49D0070A40E = {
			isa = PBXGroup;
			children = (
				34764AF22679E49D0070A40E /* Shared */,
				34764AFC2679E49E0070A40E /* iOS */,
				34764B032679E49E0070A40E /* macOS */,
				34764AFB2679E49E0070A40E /* Products */,
			);
			sourceTree = "<group>";
		};
		34764AF22679E49D0070A40E /* Shared */ = {
			isa = PBXGroup;
			children = (
				3442BA59267BCDF200009D19 /* Mission.swift */,
				34764AF32679E49D0070A40E /* MoonshotApp.swift */,
				3442BA53267BCB1600009D19 /* Bundle-Decodable.swift */,
				34764AF42679E49D0070A40E /* ContentView.swift */,
				3442B941267BC9DD00009D19 /* astronauts.json */,
				3442B99B267BC9DD00009D19 /* missions.json */,
				3442BA56267BCB7100009D19 /* Astronaut.swift */,
				34764AF52679E49E0070A40E /* Assets.xcassets */,
			);
			path = Shared;
			sourceTree = "<group>";
		};
		34764AFB2679E49E0070A40E /* Products */ = {
			isa = PBXGroup;
			children = (
				34764AFA2679E49E0070A40E /* Moonshot.app */,
				34764B022679E49E0070A40E /* Moonshot.app */,
			);
			name = Products;
			sourceTree = "<group>";
		};
		34764AFC2679E49E0070A40E /* iOS */ = {
			isa = PBXGroup;
			children = (
				34764AFD2679E49E0070A40E /* Info.plist */,
			);
			path = iOS;
			sourceTree = "<group>";
		};
		34764B032679E49E0070A40E /* macOS */ = {
			isa = PBXGroup;
			children = (
				34764B042679E49E0070A40E /* Info.plist */,
				34764B052679E49E0070A40E /* macOS.entitlements */,
			);
			path = macOS;
			sourceTree = "<group>";
		};
/* End PBXGroup section */

/* Begin PBXNativeTarget section */
		34764AF92679E49E0070A40E /* Moonshot (iOS) */ = {
			isa = PBXNativeTarget;
			buildConfigurationList = 34764B0E2679E49E0070A40E /* Build configuration list for PBXNativeTarget "Moonshot (iOS)" */;
			buildPhases = (
				34764AF62679E49E0070A40E /* Sources */,
				34764AF72679E49E0070A40E /* Frameworks */,
				34764AF82679E49E0070A40E /* Resources */,
			);
			buildRules = (
			);
			dependencies = (
			);
			name = "Moonshot (iOS)";
			productName = "Moonshot (iOS)";
			productReference = 34764AFA2679E49E0070A40E /* Moonshot.app */;
			productType = "com.apple.product-type.application";
		};
		34764B012679E49E0070A40E /* Moonshot (macOS) */ = {
			isa = PBXNativeTarget;
			buildConfigurationList = 34764B112679E49E0070A40E /* Build configuration list for PBXNativeTarget "Moonshot (macOS)" */;
			buildPhases = (
				34764AFE2679E49E0070A40E /* Sources */,
				34764AFF2679E49E0070A40E /* Frameworks */,
				34764B002679E49E0070A40E /* Resources */,
			);
			buildRules = (
			);
			dependencies = (
			);
			name = "Moonshot (macOS)";
			productName = "Moonshot (macOS)";
			productReference = 34764B022679E49E0070A40E /* Moonshot.app */;
			productType = "com.apple.product-type.application";
		};
/* End PBXNativeTarget section */

/* Begin PBXProject section */
		34764AEE2679E49D0070A40E /* Project object */ = {
			isa = PBXProject;
			attributes = {
				LastSwiftUpdateCheck = 1250;
				LastUpgradeCheck = 1250;
				TargetAttributes = {
					34764AF92679E49E0070A40E = {
						CreatedOnToolsVersion = 12.5;
					};
					34764B012679E49E0070A40E = {
						CreatedOnToolsVersion = 12.5;
					};
				};
			};
			buildConfigurationList = 34764AF12679E49D0070A40E /* Build configuration list for PBXProject "Moonshot" */;
			compatibilityVersion = "Xcode 9.3";
			developmentRegion = en;
			hasScannedForEncodings = 0;
			knownRegions = (
				en,
				Base,
			);
			mainGroup = 34764AED2679E49D0070A40E;
			productRefGroup = 34764AFB2679E49E0070A40E /* Products */;
			projectDirPath = "";
			projectRoot = "";
			targets = (
				34764AF92679E49E0070A40E /* Moonshot (iOS) */,
				34764B012679E49E0070A40E /* Moonshot (macOS) */,
			);
		};
/* End PBXProject section */

/* Begin PBXResourcesBuildPhase section */
		34764AF82679E49E0070A40E /* Resources */ = {
			isa = PBXResourcesBuildPhase;
			buildActionMask = 2147483647;
			files = (
				34764B0A2679E49E0070A40E /* Assets.xcassets in Resources */,
				3442BA4E267BC9DD00009D19 /* missions.json in Resources */,
				3442B99C267BC9DD00009D19 /* astronauts.json in Resources */,
			);
			runOnlyForDeploymentPostprocessing = 0;
		};
		34764B002679E49E0070A40E /* Resources */ = {
			isa = PBXResourcesBuildPhase;
			buildActionMask = 2147483647;
			files = (
				34764B0B2679E49E0070A40E /* Assets.xcassets in Resources */,
				3442BA4F267BC9DD00009D19 /* missions.json in Resources */,
				3442B99D267BC9DD00009D19 /* astronauts.json in Resources */,
			);
			runOnlyForDeploymentPostprocessing = 0;
		};
/* End PBXResourcesBuildPhase section */

/* Begin PBXSourcesBuildPhase section */
		34764AF62679E49E0070A40E /* Sources */ = {
			isa = PBXSourcesBuildPhase;
			buildActionMask = 2147483647;
			files = (
				34764B082679E49E0070A40E /* ContentView.swift in Sources */,
				34764B062679E49E0070A40E /* MoonshotApp.swift in Sources */,
				3442BA54267BCB1600009D19 /* Bundle-Decodable.swift in Sources */,
				3442BA5A267BCDF200009D19 /* Mission.swift in Sources */,
				3442BA57267BCB7100009D19 /* Astronaut.swift in Sources */,
			);
			runOnlyForDeploymentPostprocessing = 0;
		};
		34764AFE2679E49E0070A40E /* Sources */ = {
			isa = PBXSourcesBuildPhase;
			buildActionMask = 2147483647;
			files = (
				34764B092679E49E0070A40E /* ContentView.swift in Sources */,
				34764B072679E49E0070A40E /* MoonshotApp.swift in Sources */,
				3442BA55267BCB1600009D19 /* Bundle-Decodable.swift in Sources */,
				3442BA5B267BCDF200009D19 /* Mission.swift in Sources */,
				3442BA58267BCB7100009D19 /* Astronaut.swift in Sources */,
			);
			runOnlyForDeploymentPostprocessing = 0;
		};
/* End PBXSourcesBuildPhase section */

/* Begin XCBuildConfiguration section */
		34764B0C2679E49E0070A40E /* Debug */ = {
			isa = XCBuildConfiguration;
			buildSettings = {
				ALWAYS_SEARCH_USER_PATHS = NO;
				CLANG_ANALYZER_NONNULL = YES;
				CLANG_ANALYZER_NUMBER_OBJECT_CONVERSION = YES_AGGRESSIVE;
				CLANG_CXX_LANGUAGE_STANDARD = "gnu++14";
				CLANG_CXX_LIBRARY = "libc++";
				CLANG_ENABLE_MODULES = YES;
				CLANG_ENABLE_OBJC_ARC = YES;
				CLANG_ENABLE_OBJC_WEAK = YES;
				CLANG_WARN_BLOCK_CAPTURE_AUTORELEASING = YES;
				CLANG_WARN_BOOL_CONVERSION = YES;
				CLANG_WARN_COMMA = YES;
				CLANG_WARN_CONSTANT_CONVERSION = YES;
				CLANG_WARN_DEPRECATED_OBJC_IMPLEMENTATIONS = YES;
				CLANG_WARN_DIRECT_OBJC_ISA_USAGE = YES_ERROR;
				CLANG_WARN_DOCUMENTATION_COMMENTS = YES;
				CLANG_WARN_EMPTY_BODY = YES;
				CLANG_WARN_ENUM_CONVERSION = YES;
				CLANG_WARN_INFINITE_RECURSION = YES;
				CLANG_WARN_INT_CONVERSION = YES;
				CLANG_WARN_NON_LITERAL_NULL_CONVERSION = YES;
				CLANG_WARN_OBJC_IMPLICIT_RETAIN_SELF = YES;
				CLANG_WARN_OBJC_LITERAL_CONVERSION = YES;
				CLANG_WARN_OBJC_ROOT_CLASS = YES_ERROR;
				CLANG_WARN_QUOTED_INCLUDE_IN_FRAMEWORK_HEADER = YES;
				CLANG_WARN_RANGE_LOOP_ANALYSIS = YES;
				CLANG_WARN_STRICT_PROTOTYPES = YES;
				CLANG_WARN_SUSPICIOUS_MOVE = YES;
				CLANG_WARN_UNGUARDED_AVAILABILITY = YES_AGGRESSIVE;
				CLANG_WARN_UNREACHABLE_CODE = YES;
				CLANG_WARN__DUPLICATE_METHOD_MATCH = YES;
				COPY_PHASE_STRIP = NO;
				DEBUG_INFORMATION_FORMAT = dwarf;
				ENABLE_STRICT_OBJC_MSGSEND = YES;
				ENABLE_TESTABILITY = YES;
				GCC_C_LANGUAGE_STANDARD = gnu11;
				GCC_DYNAMIC_NO_PIC = NO;
				GCC_NO_COMMON_BLOCKS = YES;
				GCC_OPTIMIZATION_LEVEL = 0;
				GCC_PREPROCESSOR_DEFINITIONS = (
					"DEBUG=1",
					"$(inherited)",
				);
				GCC_WARN_64_TO_32_BIT_CONVERSION = YES;
				GCC_WARN_ABOUT_RETURN_TYPE = YES_ERROR;
				GCC_WARN_UNDECLARED_SELECTOR = YES;
				GCC_WARN_UNINITIALIZED_AUTOS = YES_AGGRESSIVE;
				GCC_WARN_UNUSED_FUNCTION = YES;
				GCC_WARN_UNUSED_VARIABLE = YES;
				MTL_ENABLE_DEBUG_INFO = INCLUDE_SOURCE;
				MTL_FAST_MATH = YES;
				ONLY_ACTIVE_ARCH = YES;
				SWIFT_ACTIVE_COMPILATION_CONDITIONS = DEBUG;
				SWIFT_OPTIMIZATION_LEVEL = "-Onone";
			};
			name = Debug;
		};
		34764B0D2679E49E0070A40E /* Release */ = {
			isa = XCBuildConfiguration;
			buildSettings = {
				ALWAYS_SEARCH_USER_PATHS = NO;
				CLANG_ANALYZER_NONNULL = YES;
				CLANG_ANALYZER_NUMBER_OBJECT_CONVERSION = YES_AGGRESSIVE;
				CLANG_CXX_LANGUAGE_STANDARD = "gnu++14";
				CLANG_CXX_LIBRARY = "libc++";
				CLANG_ENABLE_MODULES = YES;
				CLANG_ENABLE_OBJC_ARC = YES;
				CLANG_ENABLE_OBJC_WEAK = YES;
				CLANG_WARN_BLOCK_CAPTURE_AUTORELEASING = YES;
				CLANG_WARN_BOOL_CONVERSION = YES;
				CLANG_WARN_COMMA = YES;
				CLANG_WARN_CONSTANT_CONVERSION = YES;
				CLANG_WARN_DEPRECATED_OBJC_IMPLEMENTATIONS = YES;
				CLANG_WARN_DIRECT_OBJC_ISA_USAGE = YES_ERROR;
				CLANG_WARN_DOCUMENTATION_COMMENTS = YES;
				CLANG_WARN_EMPTY_BODY = YES;
				CLANG_WARN_ENUM_CONVERSION = YES;
				CLANG_WARN_INFINITE_RECURSION = YES;
				CLANG_WARN_INT_CONVERSION = YES;
				CLANG_WARN_NON_LITERAL_NULL_CONVERSION = YES;
				CLANG_WARN_OBJC_IMPLICIT_RETAIN_SELF = YES;
				CLANG_WARN_OBJC_LITERAL_CONVERSION = YES;
				CLANG_WARN_OBJC_ROOT_CLASS = YES_ERROR;
				CLANG_WARN_QUOTED_INCLUDE_IN_FRAMEWORK_HEADER = YES;
				CLANG_WARN_RANGE_LOOP_ANALYSIS = YES;
				CLANG_WARN_STRICT_PROTOTYPES = YES;
				CLANG_WARN_SUSPICIOUS_MOVE = YES;
				CLANG_WARN_UNGUARDED_AVAILABILITY = YES_AGGRESSIVE;
				CLANG_WARN_UNREACHABLE_CODE = YES;
				CLANG_WARN__DUPLICATE_METHOD_MATCH = YES;
				COPY_PHASE_STRIP = NO;
				DEBUG_INFORMATION_FORMAT = "dwarf-with-dsym";
				ENABLE_NS_ASSERTIONS = NO;
				ENABLE_STRICT_OBJC_MSGSEND = YES;
				GCC_C_LANGUAGE_STANDARD = gnu11;
				GCC_NO_COMMON_BLOCKS = YES;
				GCC_WARN_64_TO_32_BIT_CONVERSION = YES;
				GCC_WARN_ABOUT_RETURN_TYPE = YES_ERROR;
				GCC_WARN_UNDECLARED_SELECTOR = YES;
				GCC_WARN_UNINITIALIZED_AUTOS = YES_AGGRESSIVE;
				GCC_WARN_UNUSED_FUNCTION = YES;
				GCC_WARN_UNUSED_VARIABLE = YES;
				MTL_ENABLE_DEBUG_INFO = NO;
				MTL_FAST_MATH = YES;
				SWIFT_COMPILATION_MODE = wholemodule;
				SWIFT_OPTIMIZATION_LEVEL = "-O";
			};
			name = Release;
		};
		34764B0F2679E49E0070A40E /* Debug */ = {
			isa = XCBuildConfiguration;
			buildSettings = {
				ASSETCATALOG_COMPILER_APPICON_NAME = AppIcon;
				ASSETCATALOG_COMPILER_GLOBAL_ACCENT_COLOR_NAME = AccentColor;
				CODE_SIGN_STYLE = Automatic;
				DEVELOPMENT_TEAM = YBVLTH5SD7;
				ENABLE_PREVIEWS = YES;
				INFOPLIST_FILE = iOS/Info.plist;
				IPHONEOS_DEPLOYMENT_TARGET = 14.0;
				LD_RUNPATH_SEARCH_PATHS = (
					"$(inherited)",
					"@executable_path/Frameworks",
				);
				PRODUCT_BUNDLE_IDENTIFIER = com.flamingarch.Moonshot;
				PRODUCT_NAME = Moonshot;
				SDKROOT = iphoneos;
				SWIFT_VERSION = 5.0;
				TARGETED_DEVICE_FAMILY = "1,2";
			};
			name = Debug;
		};
		34764B102679E49E0070A40E /* Release */ = {
			isa = XCBuildConfiguration;
			buildSettings = {
				ASSETCATALOG_COMPILER_APPICON_NAME = AppIcon;
				ASSETCATALOG_COMPILER_GLOBAL_ACCENT_COLOR_NAME = AccentColor;
				CODE_SIGN_STYLE = Automatic;
				DEVELOPMENT_TEAM = YBVLTH5SD7;
				ENABLE_PREVIEWS = YES;
				INFOPLIST_FILE = iOS/Info.plist;
				IPHONEOS_DEPLOYMENT_TARGET = 14.0;
				LD_RUNPATH_SEARCH_PATHS = (
					"$(inherited)",
					"@executable_path/Frameworks",
				);
				PRODUCT_BUNDLE_IDENTIFIER = com.flamingarch.Moonshot;
				PRODUCT_NAME = Moonshot;
				SDKROOT = iphoneos;
				SWIFT_VERSION = 5.0;
				TARGETED_DEVICE_FAMILY = "1,2";
				VALIDATE_PRODUCT = YES;
			};
			name = Release;
		};
		34764B122679E49E0070A40E /* Debug */ = {
			isa = XCBuildConfiguration;
			buildSettings = {
				ASSETCATALOG_COMPILER_APPICON_NAME = AppIcon;
				ASSETCATALOG_COMPILER_GLOBAL_ACCENT_COLOR_NAME = AccentColor;
				CODE_SIGN_ENTITLEMENTS = macOS/macOS.entitlements;
				CODE_SIGN_STYLE = Automatic;
				COMBINE_HIDPI_IMAGES = YES;
				DEVELOPMENT_TEAM = YBVLTH5SD7;
				ENABLE_HARDENED_RUNTIME = YES;
				ENABLE_PREVIEWS = YES;
				INFOPLIST_FILE = macOS/Info.plist;
				LD_RUNPATH_SEARCH_PATHS = (
					"$(inherited)",
					"@executable_path/../Frameworks",
				);
				MACOSX_DEPLOYMENT_TARGET = 11.0;
				PRODUCT_BUNDLE_IDENTIFIER = com.flamingarch.Moonshot;
				PRODUCT_NAME = Moonshot;
				SDKROOT = macosx;
				SWIFT_VERSION = 5.0;
			};
			name = Debug;
		};
		34764B132679E49E0070A40E /* Release */ = {
			isa = XCBuildConfiguration;
			buildSettings = {
				ASSETCATALOG_COMPILER_APPICON_NAME = AppIcon;
				ASSETCATALOG_COMPILER_GLOBAL_ACCENT_COLOR_NAME = AccentColor;
				CODE_SIGN_ENTITLEMENTS = macOS/macOS.entitlements;
				CODE_SIGN_STYLE = Automatic;
				COMBINE_HIDPI_IMAGES = YES;
				DEVELOPMENT_TEAM = YBVLTH5SD7;
				ENABLE_HARDENED_RUNTIME = YES;
				ENABLE_PREVIEWS = YES;
				INFOPLIST_FILE = macOS/Info.plist;
				LD_RUNPATH_SEARCH_PATHS = (
					"$(inherited)",
					"@executable_path/../Frameworks",
				);
				MACOSX_DEPLOYMENT_TARGET = 11.0;
				PRODUCT_BUNDLE_IDENTIFIER = com.flamingarch.Moonshot;
				PRODUCT_NAME = Moonshot;
				SDKROOT = macosx;
				SWIFT_VERSION = 5.0;
			};
			name = Release;
		};
/* End XCBuildConfiguration section */

/* Begin XCConfigurationList section */
		34764AF12679E49D0070A40E /* Build configuration list for PBXProject "Moonshot" */ = {
			isa = XCConfigurationList;
			buildConfigurations = (
				34764B0C2679E49E0070A40E /* Debug */,
				34764B0D2679E49E0070A40E /* Release */,
			);
			defaultConfigurationIsVisible = 0;
			defaultConfigurationName = Release;
		};
		34764B0E2679E49E0070A40E /* Build configuration list for PBXNativeTarget "Moonshot (iOS)" */ = {
			isa = XCConfigurationList;
			buildConfigurations = (
				34764B0F2679E49E0070A40E /* Debug */,
				34764B102679E49E0070A40E /* Release */,
			);
			defaultConfigurationIsVisible = 0;
			defaultConfigurationName = Release;
		};
		34764B112679E49E0070A40E /* Build configuration list for PBXNativeTarget "Moonshot (macOS)" */ = {
			isa = XCConfigurationList;
			buildConfigurations = (
				34764B122679E49E0070A40E /* Debug */,
				34764B132679E49E0070A40E /* Release */,
			);
			defaultConfigurationIsVisible = 0;
			defaultConfigurationName = Release;
		};
/* End XCConfigurationList section */
	};
	rootObject = 34764AEE2679E49D0070A40E /* Project object */;
}
