
Microsoft Visual Studio Solution File, Format Version 12.00
# Visual Studio Version 16
VisualStudioVersion = 16.0.30114.105
MinimumVisualStudioVersion = 10.0.40219.1
Project("{FAE04EC0-301F-11D3-BF4B-00C04F79EFBC}") = "Feather UI", "Feather UI\Feather UI.csproj", "{4C63B06B-68C4-48A2-8976-E62CDED3E5EC}"
EndProject
Global
	GlobalSection(SolutionConfigurationPlatforms) = preSolution
		Debug|Any CPU = Debug|Any CPU
		Release|Any CPU = Release|Any CPU
	EndGlobalSection
	GlobalSection(ProjectConfigurationPlatforms) = postSolution
		{4C63B06B-68C4-48A2-8976-E62CDED3E5EC}.Debug|Any CPU.ActiveCfg = Debug|Any CPU
		{4C63B06B-68C4-48A2-8976-E62CDED3E5EC}.Debug|Any CPU.Build.0 = Debug|Any CPU
		{4C63B06B-68C4-48A2-8976-E62CDED3E5EC}.Release|Any CPU.ActiveCfg = Release|Any CPU
		{4C63B06B-68C4-48A2-8976-E62CDED3E5EC}.Release|Any CPU.Build.0 = Release|Any CPU
	EndGlobalSection
	GlobalSection(SolutionProperties) = preSolution
		HideSolutionNode = FALSE
	EndGlobalSection
	GlobalSection(ExtensibilityGlobals) = postSolution
		SolutionGuid = {79AD9CD1-EAB3-40B6-A3FF-B0B855FCE797}
	EndGlobalSection
EndGlobal
